// !$*UTF8*$!
{
	archiveVersion = 1;
	classes = {
	};
	objectVersion = 50;
	objects = {

/* Begin PBXBuildFile section */
		2DDE52E0234CCDFA00D35CFD /* AppDelegate.swift in Sources */ = {isa = PBXBuildFile; fileRef = 2DDE52DF234CCDFA00D35CFD /* AppDelegate.swift */; };
		2DDE52E2234CCDFA00D35CFD /* SceneDelegate.swift in Sources */ = {isa = PBXBuildFile; fileRef = 2DDE52E1234CCDFA00D35CFD /* SceneDelegate.swift */; };
		2DDE52E4234CCDFA00D35CFD /* ViewController.swift in Sources */ = {isa = PBXBuildFile; fileRef = 2DDE52E3234CCDFA00D35CFD /* ViewController.swift */; };
		2DDE52E7234CCDFA00D35CFD /* Main.storyboard in Resources */ = {isa = PBXBuildFile; fileRef = 2DDE52E5234CCDFA00D35CFD /* Main.storyboard */; };
		2DDE52E9234CCDFC00D35CFD /* Assets.xcassets in Resources */ = {isa = PBXBuildFile; fileRef = 2DDE52E8234CCDFC00D35CFD /* Assets.xcassets */; };
		2DDE52EC234CCDFC00D35CFD /* LaunchScreen.storyboard in Resources */ = {isa = PBXBuildFile; fileRef = 2DDE52EA234CCDFC00D35CFD /* LaunchScreen.storyboard */; };
/* End PBXBuildFile section */

/* Begin PBXFileReference section */
		2DDE52DC234CCDFA00D35CFD /* Edit Actions invisible buttons.app */ = {isa = PBXFileReference; explicitFileType = wrapper.application; includeInIndex = 0; path = "Edit Actions invisible buttons.app"; sourceTree = BUILT_PRODUCTS_DIR; };
		2DDE52DF234CCDFA00D35CFD /* AppDelegate.swift */ = {isa = PBXFileReference; lastKnownFileType = sourcecode.swift; path = AppDelegate.swift; sourceTree = "<group>"; };
		2DDE52E1234CCDFA00D35CFD /* SceneDelegate.swift */ = {isa = PBXFileReference; lastKnownFileType = sourcecode.swift; path = SceneDelegate.swift; sourceTree = "<group>"; };
		2DDE52E3234CCDFA00D35CFD /* ViewController.swift */ = {isa = PBXFileReference; lastKnownFileType = sourcecode.swift; path = ViewController.swift; sourceTree = "<group>"; };
		2DDE52E6234CCDFA00D35CFD /* Base */ = {isa = PBXFileReference; lastKnownFileType = file.storyboard; name = Base; path = Base.lproj/Main.storyboard; sourceTree = "<group>"; };
		2DDE52E8234CCDFC00D35CFD /* Assets.xcassets */ = {isa = PBXFileReference; lastKnownFileType = folder.assetcatalog; path = Assets.xcassets; sourceTree = "<group>"; };
		2DDE52EB234CCDFC00D35CFD /* Base */ = {isa = PBXFileReference; lastKnownFileType = file.storyboard; name = Base; path = Base.lproj/LaunchScreen.storyboard; sourceTree = "<group>"; };
		2DDE52ED234CCDFC00D35CFD /* Info.plist */ = {isa = PBXFileReference; lastKnownFileType = text.plist.xml; path = Info.plist; sourceTree = "<group>"; };
/* End PBXFileReference section */

/* Begin PBXFrameworksBuildPhase section */
		2DDE52D9234CCDFA00D35CFD /* Frameworks */ = {
			isa = PBXFrameworksBuildPhase;
			buildActionMask = 2147483647;
			files = (
			);
			runOnlyForDeploymentPostprocessing = 0;
		};
/* End PBXFrameworksBuildPhase section */

/* Begin PBXGroup section */
		2DDE52D3234CCDF900D35CFD = {
			isa = PBXGroup;
			children = (
				2DDE52DE234CCDFA00D35CFD /* Edit Actions invisible buttons */,
				2DDE52DD234CCDFA00D35CFD /* Products */,
			);
			sourceTree = "<group>";
		};
		2DDE52DD234CCDFA00D35CFD /* Products */ = {
			isa = PBXGroup;
			children = (
				2DDE52DC234CCDFA00D35CFD /* Edit Actions invisible buttons.app */,
			);
			name = Products;
			sourceTree = "<group>";
		};
		2DDE52DE234CCDFA00D35CFD /* Edit Actions invisible buttons */ = {
			isa = PBXGroup;
			children = (
				2DDE52DF234CCDFA00D35CFD /* AppDelegate.swift */,
				2DDE52E1234CCDFA00D35CFD /* SceneDelegate.swift */,
				2DDE52E3234CCDFA00D35CFD /* ViewController.swift */,
				2DDE52E5234CCDFA00D35CFD /* Main.storyboard */,
				2DDE52E8234CCDFC00D35CFD /* Assets.xcassets */,
				2DDE52EA234CCDFC00D35CFD /* LaunchScreen.storyboard */,
				2DDE52ED234CCDFC00D35CFD /* Info.plist */,
			);
			path = "Edit Actions invisible buttons";
			sourceTree = "<group>";
		};
/* End PBXGroup section */

/* Begin PBXNativeTarget section */
		2DDE52DB234CCDFA00D35CFD /* Edit Actions invisible buttons */ = {
			isa = PBXNativeTarget;
			buildConfigurationList = 2DDE52F0234CCDFC00D35CFD /* Build configuration list for PBXNativeTarget "Edit Actions invisible buttons" */;
			buildPhases = (
				2DDE52D8234CCDFA00D35CFD /* Sources */,
				2DDE52D9234CCDFA00D35CFD /* Frameworks */,
				2DDE52DA234CCDFA00D35CFD /* Resources */,
			);
			buildRules = (
			);
			dependencies = (
			);
			name = "Edit Actions invisible buttons";
			productName = "Edit Actions invisible buttons";
			productReference = 2DDE52DC234CCDFA00D35CFD /* Edit Actions invisible buttons.app */;
			productType = "com.apple.product-type.application";
		};
/* End PBXNativeTarget section */

/* Begin PBXProject section */
		2DDE52D4234CCDF900D35CFD /* Project object */ = {
			isa = PBXProject;
			attributes = {
				LastSwiftUpdateCheck = 1100;
				LastUpgradeCheck = 1100;
				ORGANIZATIONNAME = AVEdesign;
				TargetAttributes = {
					2DDE52DB234CCDFA00D35CFD = {
						CreatedOnToolsVersion = 11.0;
					};
				};
			};
			buildConfigurationList = 2DDE52D7234CCDF900D35CFD /* Build configuration list for PBXProject "Edit Actions invisible buttons" */;
			compatibilityVersion = "Xcode 9.3";
			developmentRegion = en;
			hasScannedForEncodings = 0;
			knownRegions = (
				en,
				Base,
			);
			mainGroup = 2DDE52D3234CCDF900D35CFD;
			productRefGroup = 2DDE52DD234CCDFA00D35CFD /* Products */;
			projectDirPath = "";
			projectRoot = "";
			targets = (
				2DDE52DB234CCDFA00D35CFD /* Edit Actions invisible buttons */,
			);
		};
/* End PBXProject section */

/* Begin PBXResourcesBuildPhase section */
		2DDE52DA234CCDFA00D35CFD /* Resources */ = {
			isa = PBXResourcesBuildPhase;
			buildActionMask = 2147483647;
			files = (
				2DDE52EC234CCDFC00D35CFD /* LaunchScreen.storyboard in Resources */,
				2DDE52E9234CCDFC00D35CFD /* Assets.xcassets in Resources */,
				2DDE52E7234CCDFA00D35CFD /* Main.storyboard in Resources */,
			);
			runOnlyForDeploymentPostprocessing = 0;
		};
/* End PBXResourcesBuildPhase section */

/* Begin PBXSourcesBuildPhase section */
		2DDE52D8234CCDFA00D35CFD /* Sources */ = {
			isa = PBXSourcesBuildPhase;
			buildActionMask = 2147483647;
			files = (
				2DDE52E4234CCDFA00D35CFD /* ViewController.swift in Sources */,
				2DDE52E0234CCDFA00D35CFD /* AppDelegate.swift in Sources */,
				2DDE52E2234CCDFA00D35CFD /* SceneDelegate.swift in Sources */,
			);
			runOnlyForDeploymentPostprocessing = 0;
		};
/* End PBXSourcesBuildPhase section */

/* Begin PBXVariantGroup section */
		2DDE52E5234CCDFA00D35CFD /* Main.storyboard */ = {
			isa = PBXVariantGroup;
			children = (
				2DDE52E6234CCDFA00D35CFD /* Base */,
			);
			name = Main.storyboard;
			sourceTree = "<group>";
		};
		2DDE52EA234CCDFC00D35CFD /* LaunchScreen.storyboard */ = {
			isa = PBXVariantGroup;
			children = (
				2DDE52EB234CCDFC00D35CFD /* Base */,
			);
			name = LaunchScreen.storyboard;
			sourceTree = "<group>";
		};
/* End PBXVariantGroup section */

/* Begin XCBuildConfiguration section */
		2DDE52EE234CCDFC00D35CFD /* Debug */ = {
			isa = XCBuildConfiguration;
			buildSettings = {
				ALWAYS_SEARCH_USER_PATHS = NO;
				CLANG_ANALYZER_NONNULL = YES;
				CLANG_ANALYZER_NUMBER_OBJECT_CONVERSION = YES_AGGRESSIVE;
				CLANG_CXX_LANGUAGE_STANDARD = "gnu++14";
				CLANG_CXX_LIBRARY = "libc++";
				CLANG_ENABLE_MODULES = YES;
				CLANG_ENABLE_OBJC_ARC = YES;
				CLANG_ENABLE_OBJC_WEAK = YES;
				CLANG_WARN_BLOCK_CAPTURE_AUTORELEASING = YES;
				CLANG_WARN_BOOL_CONVERSION = YES;
				CLANG_WARN_COMMA = YES;
				CLANG_WARN_CONSTANT_CONVERSION = YES;
				CLANG_WARN_DEPRECATED_OBJC_IMPLEMENTATIONS = YES;
				CLANG_WARN_DIRECT_OBJC_ISA_USAGE = YES_ERROR;
				CLANG_WARN_DOCUMENTATION_COMMENTS = YES;
				CLANG_WARN_EMPTY_BODY = YES;
				CLANG_WARN_ENUM_CONVERSION = YES;
				CLANG_WARN_INFINITE_RECURSION = YES;
				CLANG_WARN_INT_CONVERSION = YES;
				CLANG_WARN_NON_LITERAL_NULL_CONVERSION = YES;
				CLANG_WARN_OBJC_IMPLICIT_RETAIN_SELF = YES;
				CLANG_WARN_OBJC_LITERAL_CONVERSION = YES;
				CLANG_WARN_OBJC_ROOT_CLASS = YES_ERROR;
				CLANG_WARN_RANGE_LOOP_ANALYSIS = YES;
				CLANG_WARN_STRICT_PROTOTYPES = YES;
				CLANG_WARN_SUSPICIOUS_MOVE = YES;
				CLANG_WARN_UNGUARDED_AVAILABILITY = YES_AGGRESSIVE;
				CLANG_WARN_UNREACHABLE_CODE = YES;
				CLANG_WARN__DUPLICATE_METHOD_MATCH = YES;
				COPY_PHASE_STRIP = NO;
				DEBUG_INFORMATION_FORMAT = dwarf;
				ENABLE_STRICT_OBJC_MSGSEND = YES;
				ENABLE_TESTABILITY = YES;
				GCC_C_LANGUAGE_STANDARD = gnu11;
				GCC_DYNAMIC_NO_PIC = NO;
				GCC_NO_COMMON_BLOCKS = YES;
				GCC_OPTIMIZATION_LEVEL = 0;
				GCC_PREPROCESSOR_DEFINITIONS = (
					"DEBUG=1",
					"$(inherited)",
				);
				GCC_WARN_64_TO_32_BIT_CONVERSION = YES;
				GCC_WARN_ABOUT_RETURN_TYPE = YES_ERROR;
				GCC_WARN_UNDECLARED_SELECTOR = YES;
				GCC_WARN_UNINITIALIZED_AUTOS = YES_AGGRESSIVE;
				GCC_WARN_UNUSED_FUNCTION = YES;
				GCC_WARN_UNUSED_VARIABLE = YES;
				IPHONEOS_DEPLOYMENT_TARGET = 13.0;
				MTL_ENABLE_DEBUG_INFO = INCLUDE_SOURCE;
				MTL_FAST_MATH = YES;
				ONLY_ACTIVE_ARCH = YES;
				SDKROOT = iphoneos;
				SWIFT_ACTIVE_COMPILATION_CONDITIONS = DEBUG;
				SWIFT_OPTIMIZATION_LEVEL = "-Onone";
			};
			name = Debug;
		};
		2DDE52EF234CCDFC00D35CFD /* Release */ = {
			isa = XCBuildConfiguration;
			buildSettings = {
				ALWAYS_SEARCH_USER_PATHS = NO;
				CLANG_ANALYZER_NONNULL = YES;
				CLANG_ANALYZER_NUMBER_OBJECT_CONVERSION = YES_AGGRESSIVE;
				CLANG_CXX_LANGUAGE_STANDARD = "gnu++14";
				CLANG_CXX_LIBRARY = "libc++";
				CLANG_ENABLE_MODULES = YES;
				CLANG_ENABLE_OBJC_ARC = YES;
				CLANG_ENABLE_OBJC_WEAK = YES;
				CLANG_WARN_BLOCK_CAPTURE_AUTORELEASING = YES;
				CLANG_WARN_BOOL_CONVERSION = YES;
				CLANG_WARN_COMMA = YES;
				CLANG_WARN_CONSTANT_CONVERSION = YES;
				CLANG_WARN_DEPRECATED_OBJC_IMPLEMENTATIONS = YES;
				CLANG_WARN_DIRECT_OBJC_ISA_USAGE = YES_ERROR;
				CLANG_WARN_DOCUMENTATION_COMMENTS = YES;
				CLANG_WARN_EMPTY_BODY = YES;
				CLANG_WARN_ENUM_CONVERSION = YES;
				CLANG_WARN_INFINITE_RECURSION = YES;
				CLANG_WARN_INT_CONVERSION = YES;
				CLANG_WARN_NON_LITERAL_NULL_CONVERSION = YES;
				CLANG_WARN_OBJC_IMPLICIT_RETAIN_SELF = YES;
				CLANG_WARN_OBJC_LITERAL_CONVERSION = YES;
				CLANG_WARN_OBJC_ROOT_CLASS = YES_ERROR;
				CLANG_WARN_RANGE_LOOP_ANALYSIS = YES;
				CLANG_WARN_STRICT_PROTOTYPES = YES;
				CLANG_WARN_SUSPICIOUS_MOVE = YES;
				CLANG_WARN_UNGUARDED_AVAILABILITY = YES_AGGRESSIVE;
				CLANG_WARN_UNREACHABLE_CODE = YES;
				CLANG_WARN__DUPLICATE_METHOD_MATCH = YES;
				COPY_PHASE_STRIP = NO;
				DEBUG_INFORMATION_FORMAT = "dwarf-with-dsym";
				ENABLE_NS_ASSERTIONS = NO;
				ENABLE_STRICT_OBJC_MSGSEND = YES;
				GCC_C_LANGUAGE_STANDARD = gnu11;
				GCC_NO_COMMON_BLOCKS = YES;
				GCC_WARN_64_TO_32_BIT_CONVERSION = YES;
				GCC_WARN_ABOUT_RETURN_TYPE = YES_ERROR;
				GCC_WARN_UNDECLARED_SELECTOR = YES;
				GCC_WARN_UNINITIALIZED_AUTOS = YES_AGGRESSIVE;
				GCC_WARN_UNUSED_FUNCTION = YES;
				GCC_WARN_UNUSED_VARIABLE = YES;
				IPHONEOS_DEPLOYMENT_TARGET = 13.0;
				MTL_ENABLE_DEBUG_INFO = NO;
				MTL_FAST_MATH = YES;
				SDKROOT = iphoneos;
				SWIFT_COMPILATION_MODE = wholemodule;
				SWIFT_OPTIMIZATION_LEVEL = "-O";
				VALIDATE_PRODUCT = YES;
			};
			name = Release;
		};
		2DDE52F1234CCDFC00D35CFD /* Debug */ = {
			isa = XCBuildConfiguration;
			buildSettings = {
				ASSETCATALOG_COMPILER_APPICON_NAME = AppIcon;
				CODE_SIGN_STYLE = Automatic;
				INFOPLIST_FILE = "Edit Actions invisible buttons/Info.plist";
				LD_RUNPATH_SEARCH_PATHS = (
					"$(inherited)",
					"@executable_path/Frameworks",
				);
				PRODUCT_BUNDLE_IDENTIFIER = "me.avedesign.Edit-Actions-invisible-buttons";
				PRODUCT_NAME = "$(TARGET_NAME)";
				SWIFT_VERSION = 5.0;
				TARGETED_DEVICE_FAMILY = "1,2";
			};
			name = Debug;
		};
		2DDE52F2234CCDFC00D35CFD /* Release */ = {
			isa = XCBuildConfiguration;
			buildSettings = {
				ASSETCATALOG_COMPILER_APPICON_NAME = AppIcon;
				CODE_SIGN_STYLE = Automatic;
				INFOPLIST_FILE = "Edit Actions invisible buttons/Info.plist";
				LD_RUNPATH_SEARCH_PATHS = (
					"$(inherited)",
					"@executable_path/Frameworks",
				);
				PRODUCT_BUNDLE_IDENTIFIER = "me.avedesign.Edit-Actions-invisible-buttons";
				PRODUCT_NAME = "$(TARGET_NAME)";
				SWIFT_VERSION = 5.0;
				TARGETED_DEVICE_FAMILY = "1,2";
			};
			name = Release;
		};
/* End XCBuildConfiguration section */

/* Begin XCConfigurationList section */
		2DDE52D7234CCDF900D35CFD /* Build configuration list for PBXProject "Edit Actions invisible buttons" */ = {
			isa = XCConfigurationList;
			buildConfigurations = (
				2DDE52EE234CCDFC00D35CFD /* Debug */,
				2DDE52EF234CCDFC00D35CFD /* Release */,
			);
			defaultConfigurationIsVisible = 0;
			defaultConfigurationName = Release;
		};
		2DDE52F0234CCDFC00D35CFD /* Build configuration list for PBXNativeTarget "Edit Actions invisible buttons" */ = {
			isa = XCConfigurationList;
			buildConfigurations = (
				2DDE52F1234CCDFC00D35CFD /* Debug */,
				2DDE52F2234CCDFC00D35CFD /* Release */,
			);
			defaultConfigurationIsVisible = 0;
			defaultConfigurationName = Release;
		};
/* End XCConfigurationList section */
	};
	rootObject = 2DDE52D4234CCDF900D35CFD /* Project object */;
}
